
Microsoft Visual Studio Solution File, Format Version 12.00
# Visual Studio Version 17
VisualStudioVersion = 17.6.33723.286
MinimumVisualStudioVersion = 10.0.40219.1
Project("{FAE04EC0-301F-11D3-BF4B-00C04F79EFBC}") = "Countdown", "Countdown.csproj", "{0D97FC80-207C-4A45-8AC9-FA472D2C6395}"
EndProject
Global
	GlobalSection(SolutionConfigurationPlatforms) = preSolution
		Debug|Any CPU = Debug|Any CPU
		Release|Any CPU = Release|Any CPU
	EndGlobalSection
	GlobalSection(ProjectConfigurationPlatforms) = postSolution
		{0D97FC80-207C-4A45-8AC9-FA472D2C6395}.Debug|Any CPU.ActiveCfg = Debug|Any CPU
		{0D97FC80-207C-4A45-8AC9-FA472D2C6395}.Debug|Any CPU.Build.0 = Debug|Any CPU
		{0D97FC80-207C-4A45-8AC9-FA472D2C6395}.Release|Any CPU.ActiveCfg = Release|Any CPU
		{0D97FC80-207C-4A45-8AC9-FA472D2C6395}.Release|Any CPU.Build.0 = Release|Any CPU
	EndGlobalSection
	GlobalSection(SolutionProperties) = preSolution
		HideSolutionNode = FALSE
	EndGlobalSection
	GlobalSection(ExtensibilityGlobals) = postSolution
		SolutionGuid = {E2B4A9D2-212F-42F8-BC54-8C12DB456832}
	EndGlobalSection
EndGlobal
