
Microsoft Visual Studio Solution File, Format Version 12.00
# Visual Studio Version 17
VisualStudioVersion = 17.6.33723.286
MinimumVisualStudioVersion = 10.0.40219.1
Project("{FAE04EC0-301F-11D3-BF4B-00C04F79EFBC}") = "The Triangle Farmer", "The Triangle Farmer.csproj", "{EA56A778-4635-4688-801F-E3C902CBD26A}"
EndProject
Global
	GlobalSection(SolutionConfigurationPlatforms) = preSolution
		Debug|Any CPU = Debug|Any CPU
		Release|Any CPU = Release|Any CPU
	EndGlobalSection
	GlobalSection(ProjectConfigurationPlatforms) = postSolution
		{EA56A778-4635-4688-801F-E3C902CBD26A}.Debug|Any CPU.ActiveCfg = Debug|Any CPU
		{EA56A778-4635-4688-801F-E3C902CBD26A}.Debug|Any CPU.Build.0 = Debug|Any CPU
		{EA56A778-4635-4688-801F-E3C902CBD26A}.Release|Any CPU.ActiveCfg = Release|Any CPU
		{EA56A778-4635-4688-801F-E3C902CBD26A}.Release|Any CPU.Build.0 = Release|Any CPU
	EndGlobalSection
	GlobalSection(SolutionProperties) = preSolution
		HideSolutionNode = FALSE
	EndGlobalSection
	GlobalSection(ExtensibilityGlobals) = postSolution
		SolutionGuid = {072B80A9-594F-4B29-BCD6-C0E3FC62F34C}
	EndGlobalSection
EndGlobal
