
Microsoft Visual Studio Solution File, Format Version 12.00
# Visual Studio Version 17
VisualStudioVersion = 17.6.33723.286
MinimumVisualStudioVersion = 10.0.40219.1
Project("{FAE04EC0-301F-11D3-BF4B-00C04F79EFBC}") = "The Thing Namer 3000", "The Thing Namer 3000.csproj", "{DDAC137E-9E83-40DA-BD61-5B1F1B3655EE}"
EndProject
Global
	GlobalSection(SolutionConfigurationPlatforms) = preSolution
		Debug|Any CPU = Debug|Any CPU
		Release|Any CPU = Release|Any CPU
	EndGlobalSection
	GlobalSection(ProjectConfigurationPlatforms) = postSolution
		{DDAC137E-9E83-40DA-BD61-5B1F1B3655EE}.Debug|Any CPU.ActiveCfg = Debug|Any CPU
		{DDAC137E-9E83-40DA-BD61-5B1F1B3655EE}.Debug|Any CPU.Build.0 = Debug|Any CPU
		{DDAC137E-9E83-40DA-BD61-5B1F1B3655EE}.Release|Any CPU.ActiveCfg = Release|Any CPU
		{DDAC137E-9E83-40DA-BD61-5B1F1B3655EE}.Release|Any CPU.Build.0 = Release|Any CPU
	EndGlobalSection
	GlobalSection(SolutionProperties) = preSolution
		HideSolutionNode = FALSE
	EndGlobalSection
	GlobalSection(ExtensibilityGlobals) = postSolution
		SolutionGuid = {B189AD6B-87CD-44A3-BB3C-D5E6A0D569CC}
	EndGlobalSection
EndGlobal
