
Microsoft Visual Studio Solution File, Format Version 12.00
# Visual Studio Version 17
VisualStudioVersion = 17.6.33723.286
MinimumVisualStudioVersion = 10.0.40219.1
Project("{FAE04EC0-301F-11D3-BF4B-00C04F79EFBC}") = "Buying Inventory", "Buying Inventory.csproj", "{0399C75E-D63E-420A-8B50-2F1582988CD6}"
EndProject
Global
	GlobalSection(SolutionConfigurationPlatforms) = preSolution
		Debug|Any CPU = Debug|Any CPU
		Release|Any CPU = Release|Any CPU
	EndGlobalSection
	GlobalSection(ProjectConfigurationPlatforms) = postSolution
		{0399C75E-D63E-420A-8B50-2F1582988CD6}.Debug|Any CPU.ActiveCfg = Debug|Any CPU
		{0399C75E-D63E-420A-8B50-2F1582988CD6}.Debug|Any CPU.Build.0 = Debug|Any CPU
		{0399C75E-D63E-420A-8B50-2F1582988CD6}.Release|Any CPU.ActiveCfg = Release|Any CPU
		{0399C75E-D63E-420A-8B50-2F1582988CD6}.Release|Any CPU.Build.0 = Release|Any CPU
	EndGlobalSection
	GlobalSection(SolutionProperties) = preSolution
		HideSolutionNode = FALSE
	EndGlobalSection
	GlobalSection(ExtensibilityGlobals) = postSolution
		SolutionGuid = {E51AF12F-0B7A-412C-BC2D-F9DF484310BA}
	EndGlobalSection
EndGlobal
