
Microsoft Visual Studio Solution File, Format Version 12.00
# Visual Studio Version 17
VisualStudioVersion = 17.6.33723.286
MinimumVisualStudioVersion = 10.0.40219.1
Project("{FAE04EC0-301F-11D3-BF4B-00C04F79EFBC}") = "The Replicator of D’To", "The Replicator of D’To.csproj", "{EED47FA0-C9B4-4E30-99FB-5885E5D8688C}"
EndProject
Global
	GlobalSection(SolutionConfigurationPlatforms) = preSolution
		Debug|Any CPU = Debug|Any CPU
		Release|Any CPU = Release|Any CPU
	EndGlobalSection
	GlobalSection(ProjectConfigurationPlatforms) = postSolution
		{EED47FA0-C9B4-4E30-99FB-5885E5D8688C}.Debug|Any CPU.ActiveCfg = Debug|Any CPU
		{EED47FA0-C9B4-4E30-99FB-5885E5D8688C}.Debug|Any CPU.Build.0 = Debug|Any CPU
		{EED47FA0-C9B4-4E30-99FB-5885E5D8688C}.Release|Any CPU.ActiveCfg = Release|Any CPU
		{EED47FA0-C9B4-4E30-99FB-5885E5D8688C}.Release|Any CPU.Build.0 = Release|Any CPU
	EndGlobalSection
	GlobalSection(SolutionProperties) = preSolution
		HideSolutionNode = FALSE
	EndGlobalSection
	GlobalSection(ExtensibilityGlobals) = postSolution
		SolutionGuid = {5A71AEA6-4047-4818-87B7-DDCE69EBBCB8}
	EndGlobalSection
EndGlobal
